
Microsoft Visual Studio Solution File, Format Version 12.00
# Visual Studio 2012
VisualStudioVersion = 12.0.30324.0
MinimumVisualStudioVersion = 10.0.40219.1
Project("{4925A630-B079-445d-BCD4-3A9C94FE9307}") = "XamarinFSharp.iOS", "XamarinFSharp.iOS\XamarinFSharp.iOS.fsproj", "{6A9706C6-29F6-4C9A-A527-69C683C21649}"
EndProject
Project("{FAE04EC0-301F-11D3-BF4B-00C04F79EFBC}") = "XamarinCSharp.iOS", "XamarinCSharp.iOS\XamarinCSharp.iOS.csproj", "{616DC243-BBE6-41B3-B36E-A4F602BCF643}"
EndProject
Project("{FAE04EC0-301F-11D3-BF4B-00C04F79EFBC}") = "XamarinCSharp.Android", "XamarinCSharp.Android\XamarinCSharp.Android.csproj", "{E84D449C-8BC2-41E7-95F2-2E253C17B95B}"
EndProject
Project("{4925A630-B079-445d-BCD4-3A9C94FE9307}") = "XamarinFSharp.Android", "XamarinFSharp.Android\XamarinFSharp.Android.fsproj", "{45767FE4-B380-4FF0-A4BA-9C5B6713F70C}"
EndProject
Global
	GlobalSection(SolutionConfigurationPlatforms) = preSolution
		Ad-Hoc|Any CPU = Ad-Hoc|Any CPU
		Ad-Hoc|iPhone = Ad-Hoc|iPhone
		Ad-Hoc|iPhoneSimulator = Ad-Hoc|iPhoneSimulator
		Ad-Hoc|Mixed Platforms = Ad-Hoc|Mixed Platforms
		AppStore|Any CPU = AppStore|Any CPU
		AppStore|iPhone = AppStore|iPhone
		AppStore|iPhoneSimulator = AppStore|iPhoneSimulator
		AppStore|Mixed Platforms = AppStore|Mixed Platforms
		Debug|Any CPU = Debug|Any CPU
		Debug|iPhone = Debug|iPhone
		Debug|iPhoneSimulator = Debug|iPhoneSimulator
		Debug|Mixed Platforms = Debug|Mixed Platforms
		Release|Any CPU = Release|Any CPU
		Release|iPhone = Release|iPhone
		Release|iPhoneSimulator = Release|iPhoneSimulator
		Release|Mixed Platforms = Release|Mixed Platforms
	EndGlobalSection
	GlobalSection(ProjectConfigurationPlatforms) = postSolution
		{45767FE4-B380-4FF0-A4BA-9C5B6713F70C}.Ad-Hoc|Any CPU.ActiveCfg = Release|Any CPU
		{45767FE4-B380-4FF0-A4BA-9C5B6713F70C}.Ad-Hoc|Any CPU.Build.0 = Release|Any CPU
		{45767FE4-B380-4FF0-A4BA-9C5B6713F70C}.Ad-Hoc|iPhone.ActiveCfg = Release|Any CPU
		{45767FE4-B380-4FF0-A4BA-9C5B6713F70C}.Ad-Hoc|iPhone.Build.0 = Release|Any CPU
		{45767FE4-B380-4FF0-A4BA-9C5B6713F70C}.Ad-Hoc|iPhoneSimulator.ActiveCfg = Release|Any CPU
		{45767FE4-B380-4FF0-A4BA-9C5B6713F70C}.Ad-Hoc|iPhoneSimulator.Build.0 = Release|Any CPU
		{45767FE4-B380-4FF0-A4BA-9C5B6713F70C}.Ad-Hoc|Mixed Platforms.ActiveCfg = Release|Any CPU
		{45767FE4-B380-4FF0-A4BA-9C5B6713F70C}.Ad-Hoc|Mixed Platforms.Build.0 = Release|Any CPU
		{45767FE4-B380-4FF0-A4BA-9C5B6713F70C}.AppStore|Any CPU.ActiveCfg = Release|Any CPU
		{45767FE4-B380-4FF0-A4BA-9C5B6713F70C}.AppStore|Any CPU.Build.0 = Release|Any CPU
		{45767FE4-B380-4FF0-A4BA-9C5B6713F70C}.AppStore|iPhone.ActiveCfg = Release|Any CPU
		{45767FE4-B380-4FF0-A4BA-9C5B6713F70C}.AppStore|iPhone.Build.0 = Release|Any CPU
		{45767FE4-B380-4FF0-A4BA-9C5B6713F70C}.AppStore|iPhoneSimulator.ActiveCfg = Release|Any CPU
		{45767FE4-B380-4FF0-A4BA-9C5B6713F70C}.AppStore|iPhoneSimulator.Build.0 = Release|Any CPU
		{45767FE4-B380-4FF0-A4BA-9C5B6713F70C}.AppStore|Mixed Platforms.ActiveCfg = Release|Any CPU
		{45767FE4-B380-4FF0-A4BA-9C5B6713F70C}.AppStore|Mixed Platforms.Build.0 = Release|Any CPU
		{45767FE4-B380-4FF0-A4BA-9C5B6713F70C}.Debug|Any CPU.ActiveCfg = Debug|Any CPU
		{45767FE4-B380-4FF0-A4BA-9C5B6713F70C}.Debug|Any CPU.Build.0 = Debug|Any CPU
		{45767FE4-B380-4FF0-A4BA-9C5B6713F70C}.Debug|iPhone.ActiveCfg = Debug|Any CPU
		{45767FE4-B380-4FF0-A4BA-9C5B6713F70C}.Debug|iPhone.Build.0 = Debug|Any CPU
		{45767FE4-B380-4FF0-A4BA-9C5B6713F70C}.Debug|iPhoneSimulator.ActiveCfg = Debug|Any CPU
		{45767FE4-B380-4FF0-A4BA-9C5B6713F70C}.Debug|iPhoneSimulator.Build.0 = Debug|Any CPU
		{45767FE4-B380-4FF0-A4BA-9C5B6713F70C}.Debug|Mixed Platforms.ActiveCfg = Debug|Any CPU
		{45767FE4-B380-4FF0-A4BA-9C5B6713F70C}.Debug|Mixed Platforms.Build.0 = Debug|Any CPU
		{45767FE4-B380-4FF0-A4BA-9C5B6713F70C}.Release|Any CPU.ActiveCfg = Release|Any CPU
		{45767FE4-B380-4FF0-A4BA-9C5B6713F70C}.Release|Any CPU.Build.0 = Release|Any CPU
		{45767FE4-B380-4FF0-A4BA-9C5B6713F70C}.Release|iPhone.ActiveCfg = Release|Any CPU
		{45767FE4-B380-4FF0-A4BA-9C5B6713F70C}.Release|iPhone.Build.0 = Release|Any CPU
		{45767FE4-B380-4FF0-A4BA-9C5B6713F70C}.Release|iPhoneSimulator.ActiveCfg = Release|Any CPU
		{45767FE4-B380-4FF0-A4BA-9C5B6713F70C}.Release|iPhoneSimulator.Build.0 = Release|Any CPU
		{45767FE4-B380-4FF0-A4BA-9C5B6713F70C}.Release|Mixed Platforms.ActiveCfg = Release|Any CPU
		{45767FE4-B380-4FF0-A4BA-9C5B6713F70C}.Release|Mixed Platforms.Build.0 = Release|Any CPU
		{616DC243-BBE6-41B3-B36E-A4F602BCF643}.Ad-Hoc|Any CPU.ActiveCfg = Ad-Hoc|iPhoneSimulator
		{616DC243-BBE6-41B3-B36E-A4F602BCF643}.Ad-Hoc|iPhone.ActiveCfg = Ad-Hoc|iPhone
		{616DC243-BBE6-41B3-B36E-A4F602BCF643}.Ad-Hoc|iPhone.Build.0 = Ad-Hoc|iPhone
		{616DC243-BBE6-41B3-B36E-A4F602BCF643}.Ad-Hoc|iPhoneSimulator.ActiveCfg = Ad-Hoc|iPhone
		{616DC243-BBE6-41B3-B36E-A4F602BCF643}.Ad-Hoc|Mixed Platforms.ActiveCfg = Ad-Hoc|iPhoneSimulator
		{616DC243-BBE6-41B3-B36E-A4F602BCF643}.Ad-Hoc|Mixed Platforms.Build.0 = Ad-Hoc|iPhoneSimulator
		{616DC243-BBE6-41B3-B36E-A4F602BCF643}.Ad-Hoc|Mixed Platforms.Deploy.0 = Ad-Hoc|iPhoneSimulator
		{616DC243-BBE6-41B3-B36E-A4F602BCF643}.AppStore|Any CPU.ActiveCfg = AppStore|iPhoneSimulator
		{616DC243-BBE6-41B3-B36E-A4F602BCF643}.AppStore|iPhone.ActiveCfg = AppStore|iPhone
		{616DC243-BBE6-41B3-B36E-A4F602BCF643}.AppStore|iPhone.Build.0 = AppStore|iPhone
		{616DC243-BBE6-41B3-B36E-A4F602BCF643}.AppStore|iPhoneSimulator.ActiveCfg = AppStore|iPhone
		{616DC243-BBE6-41B3-B36E-A4F602BCF643}.AppStore|Mixed Platforms.ActiveCfg = AppStore|iPhoneSimulator
		{616DC243-BBE6-41B3-B36E-A4F602BCF643}.AppStore|Mixed Platforms.Build.0 = AppStore|iPhoneSimulator
		{616DC243-BBE6-41B3-B36E-A4F602BCF643}.AppStore|Mixed Platforms.Deploy.0 = AppStore|iPhoneSimulator
		{616DC243-BBE6-41B3-B36E-A4F602BCF643}.Debug|Any CPU.ActiveCfg = Debug|iPhoneSimulator
		{616DC243-BBE6-41B3-B36E-A4F602BCF643}.Debug|iPhone.ActiveCfg = Debug|iPhone
		{616DC243-BBE6-41B3-B36E-A4F602BCF643}.Debug|iPhone.Build.0 = Debug|iPhone
		{616DC243-BBE6-41B3-B36E-A4F602BCF643}.Debug|iPhoneSimulator.ActiveCfg = Debug|iPhoneSimulator
		{616DC243-BBE6-41B3-B36E-A4F602BCF643}.Debug|iPhoneSimulator.Build.0 = Debug|iPhoneSimulator
		{616DC243-BBE6-41B3-B36E-A4F602BCF643}.Debug|Mixed Platforms.ActiveCfg = Debug|iPhoneSimulator
		{616DC243-BBE6-41B3-B36E-A4F602BCF643}.Debug|Mixed Platforms.Build.0 = Debug|iPhoneSimulator
		{616DC243-BBE6-41B3-B36E-A4F602BCF643}.Debug|Mixed Platforms.Deploy.0 = Debug|iPhoneSimulator
		{616DC243-BBE6-41B3-B36E-A4F602BCF643}.Release|Any CPU.ActiveCfg = Release|iPhoneSimulator
		{616DC243-BBE6-41B3-B36E-A4F602BCF643}.Release|iPhone.ActiveCfg = Release|iPhone
		{616DC243-BBE6-41B3-B36E-A4F602BCF643}.Release|iPhone.Build.0 = Release|iPhone
		{616DC243-BBE6-41B3-B36E-A4F602BCF643}.Release|iPhoneSimulator.ActiveCfg = Release|iPhoneSimulator
		{616DC243-BBE6-41B3-B36E-A4F602BCF643}.Release|iPhoneSimulator.Build.0 = Release|iPhoneSimulator
		{616DC243-BBE6-41B3-B36E-A4F602BCF643}.Release|Mixed Platforms.ActiveCfg = Release|iPhoneSimulator
		{616DC243-BBE6-41B3-B36E-A4F602BCF643}.Release|Mixed Platforms.Build.0 = Release|iPhoneSimulator
		{616DC243-BBE6-41B3-B36E-A4F602BCF643}.Release|Mixed Platforms.Deploy.0 = Release|iPhoneSimulator
		{6A9706C6-29F6-4C9A-A527-69C683C21649}.Ad-Hoc|Any CPU.ActiveCfg = Ad-Hoc|iPhone
		{6A9706C6-29F6-4C9A-A527-69C683C21649}.Ad-Hoc|iPhone.ActiveCfg = Ad-Hoc|iPhone
		{6A9706C6-29F6-4C9A-A527-69C683C21649}.Ad-Hoc|iPhone.Build.0 = Ad-Hoc|iPhone
		{6A9706C6-29F6-4C9A-A527-69C683C21649}.Ad-Hoc|iPhoneSimulator.ActiveCfg = Ad-Hoc|iPhone
		{6A9706C6-29F6-4C9A-A527-69C683C21649}.Ad-Hoc|Mixed Platforms.ActiveCfg = Ad-Hoc|iPhone
		{6A9706C6-29F6-4C9A-A527-69C683C21649}.AppStore|Any CPU.ActiveCfg = AppStore|iPhone
		{6A9706C6-29F6-4C9A-A527-69C683C21649}.AppStore|iPhone.ActiveCfg = AppStore|iPhone
		{6A9706C6-29F6-4C9A-A527-69C683C21649}.AppStore|iPhone.Build.0 = AppStore|iPhone
		{6A9706C6-29F6-4C9A-A527-69C683C21649}.AppStore|iPhoneSimulator.ActiveCfg = AppStore|iPhone
		{6A9706C6-29F6-4C9A-A527-69C683C21649}.AppStore|Mixed Platforms.ActiveCfg = AppStore|iPhone
		{6A9706C6-29F6-4C9A-A527-69C683C21649}.Debug|Any CPU.ActiveCfg = Debug|iPhoneSimulator
		{6A9706C6-29F6-4C9A-A527-69C683C21649}.Debug|iPhone.ActiveCfg = Debug|iPhone
		{6A9706C6-29F6-4C9A-A527-69C683C21649}.Debug|iPhone.Build.0 = Debug|iPhone
		{6A9706C6-29F6-4C9A-A527-69C683C21649}.Debug|iPhoneSimulator.ActiveCfg = Debug|iPhoneSimulator
		{6A9706C6-29F6-4C9A-A527-69C683C21649}.Debug|iPhoneSimulator.Build.0 = Debug|iPhoneSimulator
		{6A9706C6-29F6-4C9A-A527-69C683C21649}.Debug|Mixed Platforms.ActiveCfg = Debug|iPhoneSimulator
		{6A9706C6-29F6-4C9A-A527-69C683C21649}.Release|Any CPU.ActiveCfg = Release|iPhoneSimulator
		{6A9706C6-29F6-4C9A-A527-69C683C21649}.Release|iPhone.ActiveCfg = Release|iPhone
		{6A9706C6-29F6-4C9A-A527-69C683C21649}.Release|iPhone.Build.0 = Release|iPhone
		{6A9706C6-29F6-4C9A-A527-69C683C21649}.Release|iPhoneSimulator.ActiveCfg = Release|iPhoneSimulator
		{6A9706C6-29F6-4C9A-A527-69C683C21649}.Release|iPhoneSimulator.Build.0 = Release|iPhoneSimulator
		{6A9706C6-29F6-4C9A-A527-69C683C21649}.Release|Mixed Platforms.ActiveCfg = Release|iPhoneSimulator
		{E84D449C-8BC2-41E7-95F2-2E253C17B95B}.Ad-Hoc|Any CPU.ActiveCfg = Release|Any CPU
		{E84D449C-8BC2-41E7-95F2-2E253C17B95B}.Ad-Hoc|Any CPU.Build.0 = Release|Any CPU
		{E84D449C-8BC2-41E7-95F2-2E253C17B95B}.Ad-Hoc|Any CPU.Deploy.0 = Release|Any CPU
		{E84D449C-8BC2-41E7-95F2-2E253C17B95B}.Ad-Hoc|iPhone.ActiveCfg = Release|Any CPU
		{E84D449C-8BC2-41E7-95F2-2E253C17B95B}.Ad-Hoc|iPhoneSimulator.ActiveCfg = Release|Any CPU
		{E84D449C-8BC2-41E7-95F2-2E253C17B95B}.Ad-Hoc|Mixed Platforms.ActiveCfg = Release|Any CPU
		{E84D449C-8BC2-41E7-95F2-2E253C17B95B}.Ad-Hoc|Mixed Platforms.Build.0 = Release|Any CPU
		{E84D449C-8BC2-41E7-95F2-2E253C17B95B}.Ad-Hoc|Mixed Platforms.Deploy.0 = Release|Any CPU
		{E84D449C-8BC2-41E7-95F2-2E253C17B95B}.AppStore|Any CPU.ActiveCfg = Release|Any CPU
		{E84D449C-8BC2-41E7-95F2-2E253C17B95B}.AppStore|Any CPU.Build.0 = Release|Any CPU
		{E84D449C-8BC2-41E7-95F2-2E253C17B95B}.AppStore|Any CPU.Deploy.0 = Release|Any CPU
		{E84D449C-8BC2-41E7-95F2-2E253C17B95B}.AppStore|iPhone.ActiveCfg = Release|Any CPU
		{E84D449C-8BC2-41E7-95F2-2E253C17B95B}.AppStore|iPhoneSimulator.ActiveCfg = Release|Any CPU
		{E84D449C-8BC2-41E7-95F2-2E253C17B95B}.AppStore|Mixed Platforms.ActiveCfg = Release|Any CPU
		{E84D449C-8BC2-41E7-95F2-2E253C17B95B}.AppStore|Mixed Platforms.Build.0 = Release|Any CPU
		{E84D449C-8BC2-41E7-95F2-2E253C17B95B}.AppStore|Mixed Platforms.Deploy.0 = Release|Any CPU
		{E84D449C-8BC2-41E7-95F2-2E253C17B95B}.Debug|Any CPU.ActiveCfg = Debug|Any CPU
		{E84D449C-8BC2-41E7-95F2-2E253C17B95B}.Debug|Any CPU.Build.0 = Debug|Any CPU
		{E84D449C-8BC2-41E7-95F2-2E253C17B95B}.Debug|Any CPU.Deploy.0 = Debug|Any CPU
		{E84D449C-8BC2-41E7-95F2-2E253C17B95B}.Debug|iPhone.ActiveCfg = Debug|Any CPU
		{E84D449C-8BC2-41E7-95F2-2E253C17B95B}.Debug|iPhoneSimulator.ActiveCfg = Debug|Any CPU
		{E84D449C-8BC2-41E7-95F2-2E253C17B95B}.Debug|Mixed Platforms.ActiveCfg = Debug|Any CPU
		{E84D449C-8BC2-41E7-95F2-2E253C17B95B}.Debug|Mixed Platforms.Build.0 = Debug|Any CPU
		{E84D449C-8BC2-41E7-95F2-2E253C17B95B}.Debug|Mixed Platforms.Deploy.0 = Debug|Any CPU
		{E84D449C-8BC2-41E7-95F2-2E253C17B95B}.Release|Any CPU.ActiveCfg = Release|Any CPU
		{E84D449C-8BC2-41E7-95F2-2E253C17B95B}.Release|Any CPU.Build.0 = Release|Any CPU
		{E84D449C-8BC2-41E7-95F2-2E253C17B95B}.Release|Any CPU.Deploy.0 = Release|Any CPU
		{E84D449C-8BC2-41E7-95F2-2E253C17B95B}.Release|iPhone.ActiveCfg = Release|Any CPU
		{E84D449C-8BC2-41E7-95F2-2E253C17B95B}.Release|iPhoneSimulator.ActiveCfg = Release|Any CPU
		{E84D449C-8BC2-41E7-95F2-2E253C17B95B}.Release|Mixed Platforms.ActiveCfg = Release|Any CPU
		{E84D449C-8BC2-41E7-95F2-2E253C17B95B}.Release|Mixed Platforms.Build.0 = Release|Any CPU
		{E84D449C-8BC2-41E7-95F2-2E253C17B95B}.Release|Mixed Platforms.Deploy.0 = Release|Any CPU
	EndGlobalSection
	GlobalSection(MonoDevelopProperties) = preSolution
		StartupItem = XamarinFSharp.Android\XamarinFSharp.Android.fsproj
	EndGlobalSection
	GlobalSection(SolutionProperties) = preSolution
		HideSolutionNode = FALSE
	EndGlobalSection
EndGlobal
